
Microsoft Visual Studio Solution File, Format Version 12.00
# Visual Studio Version 16
VisualStudioVersion = 16.0.31911.196
MinimumVisualStudioVersion = 10.0.40219.1
Project("{FAE04EC0-301F-11D3-BF4B-00C04F79EFBC}") = "EjemploProductos", "EjemploProductos\EjemploProductos.csproj", "{FC493B4F-3E0D-4906-AA8D-175D2AF6114A}"
EndProject
Global
	GlobalSection(SolutionConfigurationPlatforms) = preSolution
		Debug|Any CPU = Debug|Any CPU
		Release|Any CPU = Release|Any CPU
	EndGlobalSection
	GlobalSection(ProjectConfigurationPlatforms) = postSolution
		{FC493B4F-3E0D-4906-AA8D-175D2AF6114A}.Debug|Any CPU.ActiveCfg = Debug|Any CPU
		{FC493B4F-3E0D-4906-AA8D-175D2AF6114A}.Debug|Any CPU.Build.0 = Debug|Any CPU
		{FC493B4F-3E0D-4906-AA8D-175D2AF6114A}.Release|Any CPU.ActiveCfg = Release|Any CPU
		{FC493B4F-3E0D-4906-AA8D-175D2AF6114A}.Release|Any CPU.Build.0 = Release|Any CPU
	EndGlobalSection
	GlobalSection(SolutionProperties) = preSolution
		HideSolutionNode = FALSE
	EndGlobalSection
	GlobalSection(ExtensibilityGlobals) = postSolution
		SolutionGuid = {FFDE5ECD-741B-45CD-861B-E6D84213DD2E}
	EndGlobalSection
EndGlobal
